
Microsoft Visual Studio Solution File, Format Version 12.00
# Visual Studio Version 17
VisualStudioVersion = 17.14.36518.9
MinimumVisualStudioVersion = 10.0.40219.1
Project("{FAE04EC0-301F-11D3-BF4B-00C04F79EFBC}") = "InventoryApp.Api", "InventoryApp.Api\InventoryApp.Api.csproj", "{78EB9786-ED1F-401A-88B6-F3E1E500983E}"
EndProject
Project("{FAE04EC0-301F-11D3-BF4B-00C04F79EFBC}") = "InventoryApp.Maui", "InventoryApp.Maui\InventoryApp.Maui.csproj", "{BF102793-5987-8162-A006-CB6A800AB46B}"
EndProject
Global
	GlobalSection(SolutionConfigurationPlatforms) = preSolution
		Debug|Any CPU = Debug|Any CPU
		Release|Any CPU = Release|Any CPU
	EndGlobalSection
	GlobalSection(ProjectConfigurationPlatforms) = postSolution
		{78EB9786-ED1F-401A-88B6-F3E1E500983E}.Debug|Any CPU.ActiveCfg = Debug|Any CPU
		{78EB9786-ED1F-401A-88B6-F3E1E500983E}.Debug|Any CPU.Build.0 = Debug|Any CPU
		{78EB9786-ED1F-401A-88B6-F3E1E500983E}.Release|Any CPU.ActiveCfg = Release|Any CPU
		{78EB9786-ED1F-401A-88B6-F3E1E500983E}.Release|Any CPU.Build.0 = Release|Any CPU
		{BF102793-5987-8162-A006-CB6A800AB46B}.Debug|Any CPU.ActiveCfg = Debug|Any CPU
		{BF102793-5987-8162-A006-CB6A800AB46B}.Debug|Any CPU.Build.0 = Debug|Any CPU
		{BF102793-5987-8162-A006-CB6A800AB46B}.Debug|Any CPU.Deploy.0 = Debug|Any CPU
		{BF102793-5987-8162-A006-CB6A800AB46B}.Release|Any CPU.ActiveCfg = Release|Any CPU
		{BF102793-5987-8162-A006-CB6A800AB46B}.Release|Any CPU.Build.0 = Release|Any CPU
		{BF102793-5987-8162-A006-CB6A800AB46B}.Release|Any CPU.Deploy.0 = Release|Any CPU
	EndGlobalSection
	GlobalSection(SolutionProperties) = preSolution
		HideSolutionNode = FALSE
	EndGlobalSection
	GlobalSection(ExtensibilityGlobals) = postSolution
		SolutionGuid = {EEC8DF19-774F-4707-933F-859DAA26F99A}
	EndGlobalSection
EndGlobal
